
Microsoft Visual Studio Solution File, Format Version 12.00
# Visual Studio Version 16
VisualStudioVersion = 16.0.30907.101
MinimumVisualStudioVersion = 10.0.40219.1
Project("{FAE04EC0-301F-11D3-BF4B-00C04F79EFBC}") = "BlazorApp1.Server", "BlazorApp1\Server\BlazorApp1.Server.csproj", "{14889760-EB39-490B-BC2B-C117F188B20D}"
EndProject
Project("{FAE04EC0-301F-11D3-BF4B-00C04F79EFBC}") = "BlazorApp1.Client", "BlazorApp1\Client\BlazorApp1.Client.csproj", "{9C0BB8CD-A04C-4163-A6F2-4476E799229F}"
EndProject
Project("{FAE04EC0-301F-11D3-BF4B-00C04F79EFBC}") = "BlazorApp1.Shared", "BlazorApp1\Shared\BlazorApp1.Shared.csproj", "{A4D9FBED-0932-4670-B0C3-F9CAB51FBB48}"
EndProject
Global
	GlobalSection(SolutionConfigurationPlatforms) = preSolution
		Debug|Any CPU = Debug|Any CPU
		Release|Any CPU = Release|Any CPU
	EndGlobalSection
	GlobalSection(ProjectConfigurationPlatforms) = postSolution
		{14889760-EB39-490B-BC2B-C117F188B20D}.Debug|Any CPU.ActiveCfg = Debug|Any CPU
		{14889760-EB39-490B-BC2B-C117F188B20D}.Debug|Any CPU.Build.0 = Debug|Any CPU
		{14889760-EB39-490B-BC2B-C117F188B20D}.Release|Any CPU.ActiveCfg = Release|Any CPU
		{14889760-EB39-490B-BC2B-C117F188B20D}.Release|Any CPU.Build.0 = Release|Any CPU
		{9C0BB8CD-A04C-4163-A6F2-4476E799229F}.Debug|Any CPU.ActiveCfg = Debug|Any CPU
		{9C0BB8CD-A04C-4163-A6F2-4476E799229F}.Debug|Any CPU.Build.0 = Debug|Any CPU
		{9C0BB8CD-A04C-4163-A6F2-4476E799229F}.Release|Any CPU.ActiveCfg = Release|Any CPU
		{9C0BB8CD-A04C-4163-A6F2-4476E799229F}.Release|Any CPU.Build.0 = Release|Any CPU
		{A4D9FBED-0932-4670-B0C3-F9CAB51FBB48}.Debug|Any CPU.ActiveCfg = Debug|Any CPU
		{A4D9FBED-0932-4670-B0C3-F9CAB51FBB48}.Debug|Any CPU.Build.0 = Debug|Any CPU
		{A4D9FBED-0932-4670-B0C3-F9CAB51FBB48}.Release|Any CPU.ActiveCfg = Release|Any CPU
		{A4D9FBED-0932-4670-B0C3-F9CAB51FBB48}.Release|Any CPU.Build.0 = Release|Any CPU
	EndGlobalSection
	GlobalSection(SolutionProperties) = preSolution
		HideSolutionNode = FALSE
	EndGlobalSection
	GlobalSection(ExtensibilityGlobals) = postSolution
		SolutionGuid = {93D26A79-D88F-4E72-98AA-37BF9F92A3D2}
	EndGlobalSection
EndGlobal
